{
  "name": "venmo",
  "version": "1.0.0",
  "lockfileVersion": 1,
  "requires": true,
  "dependencies": {
    "csv-parse": {
      "version": "2.5.0",
      "resolved": "https://artifactory.prdstubsys.cloud/artifactory/api/npm/npm-dev/csv-parse/-/csv-parse-2.5.0.tgz",
      "integrity": "sha1-ZXSJl+zDcZxZRiLbG56g4ut9Vrs="
    },
    "csv-stringify": {
      "version": "3.1.1",
      "resolved": "https://artifactory.prdstubsys.cloud/artifactory/api/npm/npm-dev/csv-stringify/-/csv-stringify-3.1.1.tgz",
      "integrity": "sha1-Ok4YCoT5xFpqCgQBwbQbMVuRMfA=",
      "requires": {
        "lodash.get": "4.4.2"
      }
    },
    "debug": {
      "version": "3.2.6",
      "resolved": "https://artifactory.prdstubsys.cloud/artifactory/api/npm/npm-dev/debug/-/debug-3.2.6.tgz",
      "integrity": "sha1-6D0X3hbYp++3cX7b5fsQE17uYps=",
      "requires": {
        "ms": "2.1.2"
      }
    },
    "highland": {
      "version": "3.0.0-beta.10",
      "resolved": "https://artifactory.prdstubsys.cloud/artifactory/api/npm/npm-dev/highland/-/highland-3.0.0-beta.10.tgz",
      "integrity": "sha1-4HhpYR3iEJE0xSPiR571r1M0wRI="
    },
    "lodash.get": {
      "version": "4.4.2",
      "resolved": "https://artifactory.prdstubsys.cloud/artifactory/api/npm/npm-dev/lodash.get/-/lodash.get-4.4.2.tgz",
      "integrity": "sha1-LRd/ZS+jHpObRDjVNBSZ36OCXpk="
    },
    "ms": {
      "version": "2.1.2",
      "resolved": "https://artifactory.prdstubsys.cloud/artifactory/api/npm/npm-dev/ms/-/ms-2.1.2.tgz",
      "integrity": "sha1-0J0fNXtEP0kzgqjrPM0YOHKuYAk="
    },
    "node-ensure": {
      "version": "0.0.0",
      "resolved": "https://artifactory.prdstubsys.cloud/artifactory/api/npm/npm-dev/node-ensure/-/node-ensure-0.0.0.tgz",
      "integrity": "sha1-7K52QVDemYYexcgQ/V0Jaxg5Mqc="
    },
    "pdf-parse": {
      "version": "1.1.1",
      "resolved": "https://artifactory.prdstubsys.cloud/artifactory/api/npm/npm-dev/pdf-parse/-/pdf-parse-1.1.1.tgz",
      "integrity": "sha1-dF4HQIZ5VIs5lf+Jb9OOluGdFKc=",
      "requires": {
        "debug": "3.2.6",
        "node-ensure": "0.0.0"
      }
    }
  }
}
